// !$*UTF8*$!
{
	archiveVersion = 1;
	classes = {
	};
	objectVersion = 46;
	objects = {

/* Begin PBXBuildFile section */
		40ADCF4A1D22DDE6008E8DFA /* main.m in Sources */ = {isa = PBXBuildFile; fileRef = 40ADCF491D22DDE6008E8DFA /* main.m */; };
		40ADCF521D22DF34008E8DFA /* Room.m in Sources */ = {isa = PBXBuildFile; fileRef = 40ADCF511D22DF34008E8DFA /* Room.m */; };
/* End PBXBuildFile section */

/* Begin PBXCopyFilesBuildPhase section */
		40ADCF441D22DDE6008E8DFA /* CopyFiles */ = {
			isa = PBXCopyFilesBuildPhase;
			buildActionMask = 2147483647;
			dstPath = /usr/share/man/man1/;
			dstSubfolderSpec = 0;
			files = (
			);
			runOnlyForDeploymentPostprocessing = 1;
		};
/* End PBXCopyFilesBuildPhase section */

/* Begin PBXFileReference section */
		40ADCF461D22DDE6008E8DFA /* RoomCompare */ = {isa = PBXFileReference; explicitFileType = "compiled.mach-o.executable"; includeInIndex = 0; path = RoomCompare; sourceTree = BUILT_PRODUCTS_DIR; };
		40ADCF491D22DDE6008E8DFA /* main.m */ = {isa = PBXFileReference; lastKnownFileType = sourcecode.c.objc; path = main.m; sourceTree = "<group>"; };
		40ADCF501D22DF34008E8DFA /* Room.h */ = {isa = PBXFileReference; fileEncoding = 4; lastKnownFileType = sourcecode.c.h; path = Room.h; sourceTree = "<group>"; };
		40ADCF511D22DF34008E8DFA /* Room.m */ = {isa = PBXFileReference; fileEncoding = 4; lastKnownFileType = sourcecode.c.objc; path = Room.m; sourceTree = "<group>"; };
/* End PBXFileReference section */

/* Begin PBXFrameworksBuildPhase section */
		40ADCF431D22DDE6008E8DFA /* Frameworks */ = {
			isa = PBXFrameworksBuildPhase;
			buildActionMask = 2147483647;
			files = (
			);
			runOnlyForDeploymentPostprocessing = 0;
		};
/* End PBXFrameworksBuildPhase section */

/* Begin PBXGroup section */
		40ADCF3D1D22DDE6008E8DFA = {
			isa = PBXGroup;
			children = (
				40ADCF481D22DDE6008E8DFA /* RoomCompare */,
				40ADCF471D22DDE6008E8DFA /* Products */,
			);
			sourceTree = "<group>";
		};
		40ADCF471D22DDE6008E8DFA /* Products */ = {
			isa = PBXGroup;
			children = (
				40ADCF461D22DDE6008E8DFA /* RoomCompare */,
			);
			name = Products;
			sourceTree = "<group>";
		};
		40ADCF481D22DDE6008E8DFA /* RoomCompare */ = {
			isa = PBXGroup;
			children = (
				40ADCF491D22DDE6008E8DFA /* main.m */,
				40ADCF501D22DF34008E8DFA /* Room.h */,
				40ADCF511D22DF34008E8DFA /* Room.m */,
			);
			path = RoomCompare;
			sourceTree = "<group>";
		};
/* End PBXGroup section */

/* Begin PBXNativeTarget section */
		40ADCF451D22DDE6008E8DFA /* RoomCompare */ = {
			isa = PBXNativeTarget;
			buildConfigurationList = 40ADCF4D1D22DDE6008E8DFA /* Build configuration list for PBXNativeTarget "RoomCompare" */;
			buildPhases = (
				40ADCF421D22DDE6008E8DFA /* Sources */,
				40ADCF431D22DDE6008E8DFA /* Frameworks */,
				40ADCF441D22DDE6008E8DFA /* CopyFiles */,
			);
			buildRules = (
			);
			dependencies = (
			);
			name = RoomCompare;
			productName = RoomCompare;
			productReference = 40ADCF461D22DDE6008E8DFA /* RoomCompare */;
			productType = "com.apple.product-type.tool";
		};
/* End PBXNativeTarget section */

/* Begin PBXProject section */
		40ADCF3E1D22DDE6008E8DFA /* Project object */ = {
			isa = PBXProject;
			attributes = {
				LastUpgradeCheck = 0730;
				ORGANIZATIONNAME = "Jeff Eom";
				TargetAttributes = {
					40ADCF451D22DDE6008E8DFA = {
						CreatedOnToolsVersion = 7.3.1;
					};
				};
			};
			buildConfigurationList = 40ADCF411D22DDE6008E8DFA /* Build configuration list for PBXProject "RoomCompare" */;
			compatibilityVersion = "Xcode 3.2";
			developmentRegion = English;
			hasScannedForEncodings = 0;
			knownRegions = (
				en,
			);
			mainGroup = 40ADCF3D1D22DDE6008E8DFA;
			productRefGroup = 40ADCF471D22DDE6008E8DFA /* Products */;
			projectDirPath = "";
			projectRoot = "";
			targets = (
				40ADCF451D22DDE6008E8DFA /* RoomCompare */,
			);
		};
/* End PBXProject section */

/* Begin PBXSourcesBuildPhase section */
		40ADCF421D22DDE6008E8DFA /* Sources */ = {
			isa = PBXSourcesBuildPhase;
			buildActionMask = 2147483647;
			files = (
				40ADCF521D22DF34008E8DFA /* Room.m in Sources */,
				40ADCF4A1D22DDE6008E8DFA /* main.m in Sources */,
			);
			runOnlyForDeploymentPostprocessing = 0;
		};
/* End PBXSourcesBuildPhase section */

/* Begin XCBuildConfiguration section */
		40ADCF4B1D22DDE6008E8DFA /* Debug */ = {
			isa = XCBuildConfiguration;
			buildSettings = {
				ALWAYS_SEARCH_USER_PATHS = NO;
				CLANG_ANALYZER_NONNULL = YES;
				CLANG_CXX_LANGUAGE_STANDARD = "gnu++0x";
				CLANG_CXX_LIBRARY = "libc++";
				CLANG_ENABLE_MODULES = YES;
				CLANG_ENABLE_OBJC_ARC = YES;
				CLANG_WARN_BOOL_CONVERSION = YES;
				CLANG_WARN_CONSTANT_CONVERSION = YES;
				CLANG_WARN_DIRECT_OBJC_ISA_USAGE = YES_ERROR;
				CLANG_WARN_EMPTY_BODY = YES;
				CLANG_WARN_ENUM_CONVERSION = YES;
				CLANG_WARN_INT_CONVERSION = YES;
				CLANG_WARN_OBJC_ROOT_CLASS = YES_ERROR;
				CLANG_WARN_UNREACHABLE_CODE = YES;
				CLANG_WARN__DUPLICATE_METHOD_MATCH = YES;
				CODE_SIGN_IDENTITY = "-";
				COPY_PHASE_STRIP = NO;
				DEBUG_INFORMATION_FORMAT = dwarf;
				ENABLE_STRICT_OBJC_MSGSEND = YES;
				ENABLE_TESTABILITY = YES;
				GCC_C_LANGUAGE_STANDARD = gnu99;
				GCC_DYNAMIC_NO_PIC = NO;
				GCC_NO_COMMON_BLOCKS = YES;
				GCC_OPTIMIZATION_LEVEL = 0;
				GCC_PREPROCESSOR_DEFINITIONS = (
					"DEBUG=1",
					"$(inherited)",
				);
				GCC_WARN_64_TO_32_BIT_CONVERSION = YES;
				GCC_WARN_ABOUT_RETURN_TYPE = YES_ERROR;
				GCC_WARN_UNDECLARED_SELECTOR = YES;
				GCC_WARN_UNINITIALIZED_AUTOS = YES_AGGRESSIVE;
				GCC_WARN_UNUSED_FUNCTION = YES;
				GCC_WARN_UNUSED_VARIABLE = YES;
				MACOSX_DEPLOYMENT_TARGET = 10.11;
				MTL_ENABLE_DEBUG_INFO = YES;
				ONLY_ACTIVE_ARCH = YES;
				SDKROOT = macosx;
			};
			name = Debug;
		};
		40ADCF4C1D22DDE6008E8DFA /* Release */ = {
			isa = XCBuildConfiguration;
			buildSettings = {
				ALWAYS_SEARCH_USER_PATHS = NO;
				CLANG_ANALYZER_NONNULL = YES;
				CLANG_CXX_LANGUAGE_STANDARD = "gnu++0x";
				CLANG_CXX_LIBRARY = "libc++";
				CLANG_ENABLE_MODULES = YES;
				CLANG_ENABLE_OBJC_ARC = YES;
				CLANG_WARN_BOOL_CONVERSION = YES;
				CLANG_WARN_CONSTANT_CONVERSION = YES;
				CLANG_WARN_DIRECT_OBJC_ISA_USAGE = YES_ERROR;
				CLANG_WARN_EMPTY_BODY = YES;
				CLANG_WARN_ENUM_CONVERSION = YES;
				CLANG_WARN_INT_CONVERSION = YES;
				CLANG_WARN_OBJC_ROOT_CLASS = YES_ERROR;
				CLANG_WARN_UNREACHABLE_CODE = YES;
				CLANG_WARN__DUPLICATE_METHOD_MATCH = YES;
				CODE_SIGN_IDENTITY = "-";
				COPY_PHASE_STRIP = NO;
				DEBUG_INFORMATION_FORMAT = "dwarf-with-dsym";
				ENABLE_NS_ASSERTIONS = NO;
				ENABLE_STRICT_OBJC_MSGSEND = YES;
				GCC_C_LANGUAGE_STANDARD = gnu99;
				GCC_NO_COMMON_BLOCKS = YES;
				GCC_WARN_64_TO_32_BIT_CONVERSION = YES;
				GCC_WARN_ABOUT_RETURN_TYPE = YES_ERROR;
				GCC_WARN_UNDECLARED_SELECTOR = YES;
				GCC_WARN_UNINITIALIZED_AUTOS = YES_AGGRESSIVE;
				GCC_WARN_UNUSED_FUNCTION = YES;
				GCC_WARN_UNUSED_VARIABLE = YES;
				MACOSX_DEPLOYMENT_TARGET = 10.11;
				MTL_ENABLE_DEBUG_INFO = NO;
				SDKROOT = macosx;
			};
			name = Release;
		};
		40ADCF4E1D22DDE6008E8DFA /* Debug */ = {
			isa = XCBuildConfiguration;
			buildSettings = {
				PRODUCT_NAME = "$(TARGET_NAME)";
			};
			name = Debug;
		};
		40ADCF4F1D22DDE6008E8DFA /* Release */ = {
			isa = XCBuildConfiguration;
			buildSettings = {
				PRODUCT_NAME = "$(TARGET_NAME)";
			};
			name = Release;
		};
/* End XCBuildConfiguration section */

/* Begin XCConfigurationList section */
		40ADCF411D22DDE6008E8DFA /* Build configuration list for PBXProject "RoomCompare" */ = {
			isa = XCConfigurationList;
			buildConfigurations = (
				40ADCF4B1D22DDE6008E8DFA /* Debug */,
				40ADCF4C1D22DDE6008E8DFA /* Release */,
			);
			defaultConfigurationIsVisible = 0;
			defaultConfigurationName = Release;
		};
		40ADCF4D1D22DDE6008E8DFA /* Build configuration list for PBXNativeTarget "RoomCompare" */ = {
			isa = XCConfigurationList;
			buildConfigurations = (
				40ADCF4E1D22DDE6008E8DFA /* Debug */,
				40ADCF4F1D22DDE6008E8DFA /* Release */,
			);
			defaultConfigurationIsVisible = 0;
		};
/* End XCConfigurationList section */
	};
	rootObject = 40ADCF3E1D22DDE6008E8DFA /* Project object */;
}
