// !$*UTF8*$!
{
	archiveVersion = 1;
	classes = {
	};
	objectVersion = 46;
	objects = {

/* Begin PBXBuildFile section */
		402791B91D259ADA00E8A1D9 /* Doctor.m in Sources */ = {isa = PBXBuildFile; fileRef = 402791B81D259ADA00E8A1D9 /* Doctor.m */; };
		402791BC1D259AE300E8A1D9 /* Patient.m in Sources */ = {isa = PBXBuildFile; fileRef = 402791BB1D259AE300E8A1D9 /* Patient.m */; };
		40F5E2071D259A670069EF67 /* main.m in Sources */ = {isa = PBXBuildFile; fileRef = 40F5E2061D259A670069EF67 /* main.m */; };
/* End PBXBuildFile section */

/* Begin PBXCopyFilesBuildPhase section */
		40F5E2011D259A670069EF67 /* CopyFiles */ = {
			isa = PBXCopyFilesBuildPhase;
			buildActionMask = 2147483647;
			dstPath = /usr/share/man/man1/;
			dstSubfolderSpec = 0;
			files = (
			);
			runOnlyForDeploymentPostprocessing = 1;
		};
/* End PBXCopyFilesBuildPhase section */

/* Begin PBXFileReference section */
		402791B71D259ADA00E8A1D9 /* Doctor.h */ = {isa = PBXFileReference; fileEncoding = 4; lastKnownFileType = sourcecode.c.h; path = Doctor.h; sourceTree = "<group>"; };
		402791B81D259ADA00E8A1D9 /* Doctor.m */ = {isa = PBXFileReference; fileEncoding = 4; lastKnownFileType = sourcecode.c.objc; path = Doctor.m; sourceTree = "<group>"; };
		402791BA1D259AE300E8A1D9 /* Patient.h */ = {isa = PBXFileReference; fileEncoding = 4; lastKnownFileType = sourcecode.c.h; path = Patient.h; sourceTree = "<group>"; };
		402791BB1D259AE300E8A1D9 /* Patient.m */ = {isa = PBXFileReference; fileEncoding = 4; lastKnownFileType = sourcecode.c.objc; path = Patient.m; sourceTree = "<group>"; };
		40F5E2031D259A670069EF67 /* Patient_Doctors */ = {isa = PBXFileReference; explicitFileType = "compiled.mach-o.executable"; includeInIndex = 0; path = Patient_Doctors; sourceTree = BUILT_PRODUCTS_DIR; };
		40F5E2061D259A670069EF67 /* main.m */ = {isa = PBXFileReference; lastKnownFileType = sourcecode.c.objc; path = main.m; sourceTree = "<group>"; };
/* End PBXFileReference section */

/* Begin PBXFrameworksBuildPhase section */
		40F5E2001D259A670069EF67 /* Frameworks */ = {
			isa = PBXFrameworksBuildPhase;
			buildActionMask = 2147483647;
			files = (
			);
			runOnlyForDeploymentPostprocessing = 0;
		};
/* End PBXFrameworksBuildPhase section */

/* Begin PBXGroup section */
		40F5E1FA1D259A670069EF67 = {
			isa = PBXGroup;
			children = (
				40F5E2051D259A670069EF67 /* Patient_Doctors */,
				40F5E2041D259A670069EF67 /* Products */,
			);
			sourceTree = "<group>";
		};
		40F5E2041D259A670069EF67 /* Products */ = {
			isa = PBXGroup;
			children = (
				40F5E2031D259A670069EF67 /* Patient_Doctors */,
			);
			name = Products;
			sourceTree = "<group>";
		};
		40F5E2051D259A670069EF67 /* Patient_Doctors */ = {
			isa = PBXGroup;
			children = (
				40F5E2061D259A670069EF67 /* main.m */,
				402791B71D259ADA00E8A1D9 /* Doctor.h */,
				402791B81D259ADA00E8A1D9 /* Doctor.m */,
				402791BA1D259AE300E8A1D9 /* Patient.h */,
				402791BB1D259AE300E8A1D9 /* Patient.m */,
			);
			path = Patient_Doctors;
			sourceTree = "<group>";
		};
/* End PBXGroup section */

/* Begin PBXNativeTarget section */
		40F5E2021D259A670069EF67 /* Patient_Doctors */ = {
			isa = PBXNativeTarget;
			buildConfigurationList = 40F5E20A1D259A670069EF67 /* Build configuration list for PBXNativeTarget "Patient_Doctors" */;
			buildPhases = (
				40F5E1FF1D259A670069EF67 /* Sources */,
				40F5E2001D259A670069EF67 /* Frameworks */,
				40F5E2011D259A670069EF67 /* CopyFiles */,
			);
			buildRules = (
			);
			dependencies = (
			);
			name = Patient_Doctors;
			productName = Patient_Doctors;
			productReference = 40F5E2031D259A670069EF67 /* Patient_Doctors */;
			productType = "com.apple.product-type.tool";
		};
/* End PBXNativeTarget section */

/* Begin PBXProject section */
		40F5E1FB1D259A670069EF67 /* Project object */ = {
			isa = PBXProject;
			attributes = {
				LastUpgradeCheck = 0730;
				ORGANIZATIONNAME = "Jeff Eom";
				TargetAttributes = {
					40F5E2021D259A670069EF67 = {
						CreatedOnToolsVersion = 7.3.1;
					};
				};
			};
			buildConfigurationList = 40F5E1FE1D259A670069EF67 /* Build configuration list for PBXProject "Patient_Doctors" */;
			compatibilityVersion = "Xcode 3.2";
			developmentRegion = English;
			hasScannedForEncodings = 0;
			knownRegions = (
				en,
			);
			mainGroup = 40F5E1FA1D259A670069EF67;
			productRefGroup = 40F5E2041D259A670069EF67 /* Products */;
			projectDirPath = "";
			projectRoot = "";
			targets = (
				40F5E2021D259A670069EF67 /* Patient_Doctors */,
			);
		};
/* End PBXProject section */

/* Begin PBXSourcesBuildPhase section */
		40F5E1FF1D259A670069EF67 /* Sources */ = {
			isa = PBXSourcesBuildPhase;
			buildActionMask = 2147483647;
			files = (
				402791BC1D259AE300E8A1D9 /* Patient.m in Sources */,
				402791B91D259ADA00E8A1D9 /* Doctor.m in Sources */,
				40F5E2071D259A670069EF67 /* main.m in Sources */,
			);
			runOnlyForDeploymentPostprocessing = 0;
		};
/* End PBXSourcesBuildPhase section */

/* Begin XCBuildConfiguration section */
		40F5E2081D259A670069EF67 /* Debug */ = {
			isa = XCBuildConfiguration;
			buildSettings = {
				ALWAYS_SEARCH_USER_PATHS = NO;
				CLANG_ANALYZER_NONNULL = YES;
				CLANG_CXX_LANGUAGE_STANDARD = "gnu++0x";
				CLANG_CXX_LIBRARY = "libc++";
				CLANG_ENABLE_MODULES = YES;
				CLANG_ENABLE_OBJC_ARC = YES;
				CLANG_WARN_BOOL_CONVERSION = YES;
				CLANG_WARN_CONSTANT_CONVERSION = YES;
				CLANG_WARN_DIRECT_OBJC_ISA_USAGE = YES_ERROR;
				CLANG_WARN_EMPTY_BODY = YES;
				CLANG_WARN_ENUM_CONVERSION = YES;
				CLANG_WARN_INT_CONVERSION = YES;
				CLANG_WARN_OBJC_ROOT_CLASS = YES_ERROR;
				CLANG_WARN_UNREACHABLE_CODE = YES;
				CLANG_WARN__DUPLICATE_METHOD_MATCH = YES;
				CODE_SIGN_IDENTITY = "-";
				COPY_PHASE_STRIP = NO;
				DEBUG_INFORMATION_FORMAT = dwarf;
				ENABLE_STRICT_OBJC_MSGSEND = YES;
				ENABLE_TESTABILITY = YES;
				GCC_C_LANGUAGE_STANDARD = gnu99;
				GCC_DYNAMIC_NO_PIC = NO;
				GCC_NO_COMMON_BLOCKS = YES;
				GCC_OPTIMIZATION_LEVEL = 0;
				GCC_PREPROCESSOR_DEFINITIONS = (
					"DEBUG=1",
					"$(inherited)",
				);
				GCC_WARN_64_TO_32_BIT_CONVERSION = YES;
				GCC_WARN_ABOUT_RETURN_TYPE = YES_ERROR;
				GCC_WARN_UNDECLARED_SELECTOR = YES;
				GCC_WARN_UNINITIALIZED_AUTOS = YES_AGGRESSIVE;
				GCC_WARN_UNUSED_FUNCTION = YES;
				GCC_WARN_UNUSED_VARIABLE = YES;
				MACOSX_DEPLOYMENT_TARGET = 10.11;
				MTL_ENABLE_DEBUG_INFO = YES;
				ONLY_ACTIVE_ARCH = YES;
				SDKROOT = macosx;
			};
			name = Debug;
		};
		40F5E2091D259A670069EF67 /* Release */ = {
			isa = XCBuildConfiguration;
			buildSettings = {
				ALWAYS_SEARCH_USER_PATHS = NO;
				CLANG_ANALYZER_NONNULL = YES;
				CLANG_CXX_LANGUAGE_STANDARD = "gnu++0x";
				CLANG_CXX_LIBRARY = "libc++";
				CLANG_ENABLE_MODULES = YES;
				CLANG_ENABLE_OBJC_ARC = YES;
				CLANG_WARN_BOOL_CONVERSION = YES;
				CLANG_WARN_CONSTANT_CONVERSION = YES;
				CLANG_WARN_DIRECT_OBJC_ISA_USAGE = YES_ERROR;
				CLANG_WARN_EMPTY_BODY = YES;
				CLANG_WARN_ENUM_CONVERSION = YES;
				CLANG_WARN_INT_CONVERSION = YES;
				CLANG_WARN_OBJC_ROOT_CLASS = YES_ERROR;
				CLANG_WARN_UNREACHABLE_CODE = YES;
				CLANG_WARN__DUPLICATE_METHOD_MATCH = YES;
				CODE_SIGN_IDENTITY = "-";
				COPY_PHASE_STRIP = NO;
				DEBUG_INFORMATION_FORMAT = "dwarf-with-dsym";
				ENABLE_NS_ASSERTIONS = NO;
				ENABLE_STRICT_OBJC_MSGSEND = YES;
				GCC_C_LANGUAGE_STANDARD = gnu99;
				GCC_NO_COMMON_BLOCKS = YES;
				GCC_WARN_64_TO_32_BIT_CONVERSION = YES;
				GCC_WARN_ABOUT_RETURN_TYPE = YES_ERROR;
				GCC_WARN_UNDECLARED_SELECTOR = YES;
				GCC_WARN_UNINITIALIZED_AUTOS = YES_AGGRESSIVE;
				GCC_WARN_UNUSED_FUNCTION = YES;
				GCC_WARN_UNUSED_VARIABLE = YES;
				MACOSX_DEPLOYMENT_TARGET = 10.11;
				MTL_ENABLE_DEBUG_INFO = NO;
				SDKROOT = macosx;
			};
			name = Release;
		};
		40F5E20B1D259A670069EF67 /* Debug */ = {
			isa = XCBuildConfiguration;
			buildSettings = {
				PRODUCT_NAME = "$(TARGET_NAME)";
			};
			name = Debug;
		};
		40F5E20C1D259A670069EF67 /* Release */ = {
			isa = XCBuildConfiguration;
			buildSettings = {
				PRODUCT_NAME = "$(TARGET_NAME)";
			};
			name = Release;
		};
/* End XCBuildConfiguration section */

/* Begin XCConfigurationList section */
		40F5E1FE1D259A670069EF67 /* Build configuration list for PBXProject "Patient_Doctors" */ = {
			isa = XCConfigurationList;
			buildConfigurations = (
				40F5E2081D259A670069EF67 /* Debug */,
				40F5E2091D259A670069EF67 /* Release */,
			);
			defaultConfigurationIsVisible = 0;
			defaultConfigurationName = Release;
		};
		40F5E20A1D259A670069EF67 /* Build configuration list for PBXNativeTarget "Patient_Doctors" */ = {
			isa = XCConfigurationList;
			buildConfigurations = (
				40F5E20B1D259A670069EF67 /* Debug */,
				40F5E20C1D259A670069EF67 /* Release */,
			);
			defaultConfigurationIsVisible = 0;
			defaultConfigurationName = Release;
		};
/* End XCConfigurationList section */
	};
	rootObject = 40F5E1FB1D259A670069EF67 /* Project object */;
}
