// !$*UTF8*$!
{
	archiveVersion = 1;
	classes = {
	};
	objectVersion = 46;
	objects = {

/* Begin PBXBuildFile section */
		405E2F4F1D260643001E40B3 /* main.m in Sources */ = {isa = PBXBuildFile; fileRef = 405E2F4E1D260643001E40B3 /* main.m */; };
		405E2F581D260670001E40B3 /* GreetingDecider.m in Sources */ = {isa = PBXBuildFile; fileRef = 405E2F571D260670001E40B3 /* GreetingDecider.m */; };
/* End PBXBuildFile section */

/* Begin PBXCopyFilesBuildPhase section */
		405E2F491D260643001E40B3 /* CopyFiles */ = {
			isa = PBXCopyFilesBuildPhase;
			buildActionMask = 2147483647;
			dstPath = /usr/share/man/man1/;
			dstSubfolderSpec = 0;
			files = (
			);
			runOnlyForDeploymentPostprocessing = 1;
		};
/* End PBXCopyFilesBuildPhase section */

/* Begin PBXFileReference section */
		405E2F4B1D260643001E40B3 /* TheBigPicture */ = {isa = PBXFileReference; explicitFileType = "compiled.mach-o.executable"; includeInIndex = 0; path = TheBigPicture; sourceTree = BUILT_PRODUCTS_DIR; };
		405E2F4E1D260643001E40B3 /* main.m */ = {isa = PBXFileReference; lastKnownFileType = sourcecode.c.objc; path = main.m; sourceTree = "<group>"; };
		405E2F551D26065A001E40B3 /* GreeterDelegate.h */ = {isa = PBXFileReference; fileEncoding = 4; lastKnownFileType = sourcecode.c.h; path = GreeterDelegate.h; sourceTree = "<group>"; };
		405E2F561D260670001E40B3 /* GreetingDecider.h */ = {isa = PBXFileReference; fileEncoding = 4; lastKnownFileType = sourcecode.c.h; path = GreetingDecider.h; sourceTree = "<group>"; };
		405E2F571D260670001E40B3 /* GreetingDecider.m */ = {isa = PBXFileReference; fileEncoding = 4; lastKnownFileType = sourcecode.c.objc; path = GreetingDecider.m; sourceTree = "<group>"; };
/* End PBXFileReference section */

/* Begin PBXFrameworksBuildPhase section */
		405E2F481D260643001E40B3 /* Frameworks */ = {
			isa = PBXFrameworksBuildPhase;
			buildActionMask = 2147483647;
			files = (
			);
			runOnlyForDeploymentPostprocessing = 0;
		};
/* End PBXFrameworksBuildPhase section */

/* Begin PBXGroup section */
		405E2F421D260643001E40B3 = {
			isa = PBXGroup;
			children = (
				405E2F4D1D260643001E40B3 /* TheBigPicture */,
				405E2F4C1D260643001E40B3 /* Products */,
			);
			sourceTree = "<group>";
		};
		405E2F4C1D260643001E40B3 /* Products */ = {
			isa = PBXGroup;
			children = (
				405E2F4B1D260643001E40B3 /* TheBigPicture */,
			);
			name = Products;
			sourceTree = "<group>";
		};
		405E2F4D1D260643001E40B3 /* TheBigPicture */ = {
			isa = PBXGroup;
			children = (
				405E2F561D260670001E40B3 /* GreetingDecider.h */,
				405E2F4E1D260643001E40B3 /* main.m */,
				405E2F571D260670001E40B3 /* GreetingDecider.m */,
				405E2F551D26065A001E40B3 /* GreeterDelegate.h */,
			);
			path = TheBigPicture;
			sourceTree = "<group>";
		};
/* End PBXGroup section */

/* Begin PBXNativeTarget section */
		405E2F4A1D260643001E40B3 /* TheBigPicture */ = {
			isa = PBXNativeTarget;
			buildConfigurationList = 405E2F521D260643001E40B3 /* Build configuration list for PBXNativeTarget "TheBigPicture" */;
			buildPhases = (
				405E2F471D260643001E40B3 /* Sources */,
				405E2F481D260643001E40B3 /* Frameworks */,
				405E2F491D260643001E40B3 /* CopyFiles */,
			);
			buildRules = (
			);
			dependencies = (
			);
			name = TheBigPicture;
			productName = TheBigPicture;
			productReference = 405E2F4B1D260643001E40B3 /* TheBigPicture */;
			productType = "com.apple.product-type.tool";
		};
/* End PBXNativeTarget section */

/* Begin PBXProject section */
		405E2F431D260643001E40B3 /* Project object */ = {
			isa = PBXProject;
			attributes = {
				LastUpgradeCheck = 0730;
				ORGANIZATIONNAME = "Jeff Eom";
				TargetAttributes = {
					405E2F4A1D260643001E40B3 = {
						CreatedOnToolsVersion = 7.3.1;
					};
				};
			};
			buildConfigurationList = 405E2F461D260643001E40B3 /* Build configuration list for PBXProject "TheBigPicture" */;
			compatibilityVersion = "Xcode 3.2";
			developmentRegion = English;
			hasScannedForEncodings = 0;
			knownRegions = (
				en,
			);
			mainGroup = 405E2F421D260643001E40B3;
			productRefGroup = 405E2F4C1D260643001E40B3 /* Products */;
			projectDirPath = "";
			projectRoot = "";
			targets = (
				405E2F4A1D260643001E40B3 /* TheBigPicture */,
			);
		};
/* End PBXProject section */

/* Begin PBXSourcesBuildPhase section */
		405E2F471D260643001E40B3 /* Sources */ = {
			isa = PBXSourcesBuildPhase;
			buildActionMask = 2147483647;
			files = (
				405E2F4F1D260643001E40B3 /* main.m in Sources */,
				405E2F581D260670001E40B3 /* GreetingDecider.m in Sources */,
			);
			runOnlyForDeploymentPostprocessing = 0;
		};
/* End PBXSourcesBuildPhase section */

/* Begin XCBuildConfiguration section */
		405E2F501D260643001E40B3 /* Debug */ = {
			isa = XCBuildConfiguration;
			buildSettings = {
				ALWAYS_SEARCH_USER_PATHS = NO;
				CLANG_ANALYZER_NONNULL = YES;
				CLANG_CXX_LANGUAGE_STANDARD = "gnu++0x";
				CLANG_CXX_LIBRARY = "libc++";
				CLANG_ENABLE_MODULES = YES;
				CLANG_ENABLE_OBJC_ARC = YES;
				CLANG_WARN_BOOL_CONVERSION = YES;
				CLANG_WARN_CONSTANT_CONVERSION = YES;
				CLANG_WARN_DIRECT_OBJC_ISA_USAGE = YES_ERROR;
				CLANG_WARN_EMPTY_BODY = YES;
				CLANG_WARN_ENUM_CONVERSION = YES;
				CLANG_WARN_INT_CONVERSION = YES;
				CLANG_WARN_OBJC_ROOT_CLASS = YES_ERROR;
				CLANG_WARN_UNREACHABLE_CODE = YES;
				CLANG_WARN__DUPLICATE_METHOD_MATCH = YES;
				CODE_SIGN_IDENTITY = "-";
				COPY_PHASE_STRIP = NO;
				DEBUG_INFORMATION_FORMAT = dwarf;
				ENABLE_STRICT_OBJC_MSGSEND = YES;
				ENABLE_TESTABILITY = YES;
				GCC_C_LANGUAGE_STANDARD = gnu99;
				GCC_DYNAMIC_NO_PIC = NO;
				GCC_NO_COMMON_BLOCKS = YES;
				GCC_OPTIMIZATION_LEVEL = 0;
				GCC_PREPROCESSOR_DEFINITIONS = (
					"DEBUG=1",
					"$(inherited)",
				);
				GCC_WARN_64_TO_32_BIT_CONVERSION = YES;
				GCC_WARN_ABOUT_RETURN_TYPE = YES_ERROR;
				GCC_WARN_UNDECLARED_SELECTOR = YES;
				GCC_WARN_UNINITIALIZED_AUTOS = YES_AGGRESSIVE;
				GCC_WARN_UNUSED_FUNCTION = YES;
				GCC_WARN_UNUSED_VARIABLE = YES;
				MACOSX_DEPLOYMENT_TARGET = 10.11;
				MTL_ENABLE_DEBUG_INFO = YES;
				ONLY_ACTIVE_ARCH = YES;
				SDKROOT = macosx;
			};
			name = Debug;
		};
		405E2F511D260643001E40B3 /* Release */ = {
			isa = XCBuildConfiguration;
			buildSettings = {
				ALWAYS_SEARCH_USER_PATHS = NO;
				CLANG_ANALYZER_NONNULL = YES;
				CLANG_CXX_LANGUAGE_STANDARD = "gnu++0x";
				CLANG_CXX_LIBRARY = "libc++";
				CLANG_ENABLE_MODULES = YES;
				CLANG_ENABLE_OBJC_ARC = YES;
				CLANG_WARN_BOOL_CONVERSION = YES;
				CLANG_WARN_CONSTANT_CONVERSION = YES;
				CLANG_WARN_DIRECT_OBJC_ISA_USAGE = YES_ERROR;
				CLANG_WARN_EMPTY_BODY = YES;
				CLANG_WARN_ENUM_CONVERSION = YES;
				CLANG_WARN_INT_CONVERSION = YES;
				CLANG_WARN_OBJC_ROOT_CLASS = YES_ERROR;
				CLANG_WARN_UNREACHABLE_CODE = YES;
				CLANG_WARN__DUPLICATE_METHOD_MATCH = YES;
				CODE_SIGN_IDENTITY = "-";
				COPY_PHASE_STRIP = NO;
				DEBUG_INFORMATION_FORMAT = "dwarf-with-dsym";
				ENABLE_NS_ASSERTIONS = NO;
				ENABLE_STRICT_OBJC_MSGSEND = YES;
				GCC_C_LANGUAGE_STANDARD = gnu99;
				GCC_NO_COMMON_BLOCKS = YES;
				GCC_WARN_64_TO_32_BIT_CONVERSION = YES;
				GCC_WARN_ABOUT_RETURN_TYPE = YES_ERROR;
				GCC_WARN_UNDECLARED_SELECTOR = YES;
				GCC_WARN_UNINITIALIZED_AUTOS = YES_AGGRESSIVE;
				GCC_WARN_UNUSED_FUNCTION = YES;
				GCC_WARN_UNUSED_VARIABLE = YES;
				MACOSX_DEPLOYMENT_TARGET = 10.11;
				MTL_ENABLE_DEBUG_INFO = NO;
				SDKROOT = macosx;
			};
			name = Release;
		};
		405E2F531D260643001E40B3 /* Debug */ = {
			isa = XCBuildConfiguration;
			buildSettings = {
				PRODUCT_NAME = "$(TARGET_NAME)";
			};
			name = Debug;
		};
		405E2F541D260643001E40B3 /* Release */ = {
			isa = XCBuildConfiguration;
			buildSettings = {
				PRODUCT_NAME = "$(TARGET_NAME)";
			};
			name = Release;
		};
/* End XCBuildConfiguration section */

/* Begin XCConfigurationList section */
		405E2F461D260643001E40B3 /* Build configuration list for PBXProject "TheBigPicture" */ = {
			isa = XCConfigurationList;
			buildConfigurations = (
				405E2F501D260643001E40B3 /* Debug */,
				405E2F511D260643001E40B3 /* Release */,
			);
			defaultConfigurationIsVisible = 0;
			defaultConfigurationName = Release;
		};
		405E2F521D260643001E40B3 /* Build configuration list for PBXNativeTarget "TheBigPicture" */ = {
			isa = XCConfigurationList;
			buildConfigurations = (
				405E2F531D260643001E40B3 /* Debug */,
				405E2F541D260643001E40B3 /* Release */,
			);
			defaultConfigurationIsVisible = 0;
			defaultConfigurationName = Release;
		};
/* End XCConfigurationList section */
	};
	rootObject = 405E2F431D260643001E40B3 /* Project object */;
}
